
Microsoft Visual Studio Solution File, Format Version 12.00
# Visual Studio 14
VisualStudioVersion = 14.0.23107.0
MinimumVisualStudioVersion = 10.0.40219.1
Project("{FAE04EC0-301F-11D3-BF4B-00C04F79EFBC}") = "Implementation", "Implementation\Implementation.csproj", "{247E41DB-3DEA-4889-AED6-6383A0B60885}"
EndProject
Project("{FAE04EC0-301F-11D3-BF4B-00C04F79EFBC}") = "Model", "Model\Model.csproj", "{EA8BDA05-FD37-407C-8A17-9196693B8F83}"
EndProject
Project("{FAE04EC0-301F-11D3-BF4B-00C04F79EFBC}") = "UnitTests", "UnitTests\UnitTests.csproj", "{660E7F21-88D3-4AC8-82E5-9C372769D2F9}"
EndProject
Global
	GlobalSection(SolutionConfigurationPlatforms) = preSolution
		Debug|Any CPU = Debug|Any CPU
		Release|Any CPU = Release|Any CPU
	EndGlobalSection
	GlobalSection(ProjectConfigurationPlatforms) = postSolution
		{247E41DB-3DEA-4889-AED6-6383A0B60885}.Debug|Any CPU.ActiveCfg = Debug|Any CPU
		{247E41DB-3DEA-4889-AED6-6383A0B60885}.Debug|Any CPU.Build.0 = Debug|Any CPU
		{247E41DB-3DEA-4889-AED6-6383A0B60885}.Release|Any CPU.ActiveCfg = Release|Any CPU
		{247E41DB-3DEA-4889-AED6-6383A0B60885}.Release|Any CPU.Build.0 = Release|Any CPU
		{EA8BDA05-FD37-407C-8A17-9196693B8F83}.Debug|Any CPU.ActiveCfg = Debug|Any CPU
		{EA8BDA05-FD37-407C-8A17-9196693B8F83}.Debug|Any CPU.Build.0 = Debug|Any CPU
		{EA8BDA05-FD37-407C-8A17-9196693B8F83}.Release|Any CPU.ActiveCfg = Release|Any CPU
		{EA8BDA05-FD37-407C-8A17-9196693B8F83}.Release|Any CPU.Build.0 = Release|Any CPU
		{660E7F21-88D3-4AC8-82E5-9C372769D2F9}.Debug|Any CPU.ActiveCfg = Debug|Any CPU
		{660E7F21-88D3-4AC8-82E5-9C372769D2F9}.Debug|Any CPU.Build.0 = Debug|Any CPU
		{660E7F21-88D3-4AC8-82E5-9C372769D2F9}.Release|Any CPU.ActiveCfg = Release|Any CPU
		{660E7F21-88D3-4AC8-82E5-9C372769D2F9}.Release|Any CPU.Build.0 = Release|Any CPU
	EndGlobalSection
	GlobalSection(SolutionProperties) = preSolution
		HideSolutionNode = FALSE
	EndGlobalSection
EndGlobal
